#MicroXplorer Configuration settings - do not modify
CAD.formats=[]
CAD.pinconfig=Project naming
CAD.provider=
CortexM0Plus.IPs=RCC,SYS_M0PLUS\:I,DMA,NVIC2\:I,IPCC,ADV_TRACE,GPIO,GTZC_S\:I,LORAWAN,MISC,SEQUENCER_M0PLUS\:I,SIGFOX,SUBGHZ\:I,SUBGHZ_PHY,TIMER,TINY_LPM
CortexM4.IPs=FATFS\:I,RCC\:I,SYS\:I,DMA\:I,NVIC1\:I,USART2\:I,DEBUG\:I,IPCC\:I,ADV_TRACE\:I,FREERTOS\:I,GPIO\:I,GTZC_NS\:I,LORAWAN\:I,MISC\:I,SEQUENCER_M4\:I,SIGFOX\:I,SUBGHZ_PHY\:I,TIMER\:I,TINY_LPM\:I,STMicroelectronics.X-CUBE-ALGOBUILD.1.3.0_M4\:I,CRC\:I,TIM16\:I,STMicroelectronics.X-CUBE-AI.8.0.1_M4\:I
File.Version=6
GPIO.groupedBy=Group By Peripherals
KeepUserPlacement=false
Mcu.CPN=STM32WL55JCI6
Mcu.Context0=CortexM4
Mcu.Context1=CortexM0Plus
Mcu.ContextNb=2
Mcu.ContextProject=DualCore
Mcu.Family=STM32WL
Mcu.IP0=CRC
Mcu.IP1=DEBUG
Mcu.IP2=NVIC1
Mcu.IP3=NVIC2
Mcu.IP4=RCC
Mcu.IP5=SYS_M0PLUS
Mcu.IP6=SYS
Mcu.IP7=TIM16
Mcu.IP8=USART2
Mcu.IPNb=9
Mcu.Name=STM32WL55JCIx
Mcu.Package=UFBGA73
Mcu.Pin0=PA14
Mcu.Pin1=PB15
Mcu.Pin10=PC4
Mcu.Pin11=PB0-VDD_TCXO
Mcu.Pin12=PC6
Mcu.Pin13=PA1
Mcu.Pin14=PB11
Mcu.Pin15=OSC_IN
Mcu.Pin16=PA3
Mcu.Pin17=PA2
Mcu.Pin18=VP_CRC_VS_CRC
Mcu.Pin19=VP_SYS_VS_Systick
Mcu.Pin2=PC14-OSC32_IN
Mcu.Pin20=VP_SYS_M0PLUS_VS_Systick
Mcu.Pin21=VP_TIM16_VS_ClockSourceINT
Mcu.Pin22=VP_STMicroelectronics.X-CUBE-AI_M4_VS_ArtificialOoIntelligenceJjXAaCUBEAaAI_8.0.1
Mcu.Pin23=VP_STMicroelectronics.X-CUBE-ALGOBUILD_M4_VS_DSPOoLibraryJjLibrary_1.3.0_1.3.0
Mcu.Pin3=PA13
Mcu.Pin4=PB3
Mcu.Pin5=PB9
Mcu.Pin6=PC15-OSC32_OUT
Mcu.Pin7=PC3
Mcu.Pin8=PA0
Mcu.Pin9=PC5
Mcu.PinsNb=24
Mcu.ThirdParty0=STMicroelectronics.X-CUBE-AI.8.0.1
Mcu.ThirdParty0_ContextShortName=M4
Mcu.ThirdParty0_Instance=STMicroelectronics.X-CUBE-AI.8.0.1_M4
Mcu.ThirdParty1=STMicroelectronics.X-CUBE-ALGOBUILD.1.3.0
Mcu.ThirdParty1_ContextShortName=M4
Mcu.ThirdParty1_Instance=STMicroelectronics.X-CUBE-ALGOBUILD.1.3.0_M4
Mcu.ThirdPartyNb=2
Mcu.UserConstants=
Mcu.UserName=STM32WL55JCIx
MxCube.Version=6.8.1
MxDb.Version=DB.6.0.81
NVIC1.BusFault_IRQn=true\:0\:0\:false\:false\:true\:false\:false\:false
NVIC1.DebugMonitor_IRQn=true\:0\:0\:false\:false\:true\:false\:false\:false
NVIC1.ForceEnableDMAVector=true
NVIC1.HardFault_IRQn=true\:0\:0\:false\:false\:true\:false\:false\:false
NVIC1.MemoryManagement_IRQn=true\:0\:0\:false\:false\:true\:false\:false\:false
NVIC1.NonMaskableInt_IRQn=true\:0\:0\:false\:false\:true\:false\:false\:false
NVIC1.PendSV_IRQn=true\:0\:0\:false\:false\:true\:false\:false\:false
NVIC1.PriorityGroup=NVIC_PRIORITYGROUP_4
NVIC1.SVCall_IRQn=true\:0\:0\:false\:false\:true\:false\:false\:false
NVIC1.SysTick_IRQn=true\:0\:0\:false\:false\:true\:false\:true\:false
NVIC1.USART2_IRQn=true\:0\:0\:false\:false\:true\:true\:true\:true
NVIC1.UsageFault_IRQn=true\:0\:0\:false\:false\:true\:false\:false\:false
NVIC2.ForceEnableDMAVector=true
NVIC2.HardFault_IRQn=true\:0\:0\:false\:false\:true\:false\:false\:false
NVIC2.NonMaskableInt_IRQn=true\:0\:0\:false\:false\:true\:false\:false\:false
NVIC2.PendSV_IRQn=true\:0\:0\:false\:false\:true\:false\:false\:false
NVIC2.SVC_IRQn=true\:0\:0\:false\:false\:true\:false\:false\:true
NVIC2.SysTick_IRQn=true\:0\:0\:false\:false\:true\:false\:true\:false
OSC_IN.Mode=HSE-TCXO
OSC_IN.Signal=RCC_OSC_IN
PA0.GPIOParameters=GPIO_PuPd,GPIO_Label,GPIO_ModeDefaultEXTI
PA0.GPIO_Label=B1
PA0.GPIO_ModeDefaultEXTI=GPIO_MODE_IT_FALLING
PA0.GPIO_PuPd=GPIO_PULLUP
PA0.Locked=true
PA0.Signal=GPXTI0
PA1.GPIOParameters=GPIO_PuPd,GPIO_Label,GPIO_ModeDefaultEXTI
PA1.GPIO_Label=B2
PA1.GPIO_ModeDefaultEXTI=GPIO_MODE_IT_FALLING
PA1.GPIO_PuPd=GPIO_PULLUP
PA1.Locked=true
PA1.Signal=GPXTI1
PA13.Mode=Trace_Asynchronous_SW
PA13.Signal=DEBUG_JTMS-SWDIO
PA14.Mode=Trace_Asynchronous_SW
PA14.Signal=DEBUG_JTCK-SWCLK
PA2.GPIOParameters=GPIO_Label
PA2.GPIO_Label=T_VCP_RX
PA2.Locked=true
PA2.Mode=Asynchronous
PA2.Signal=USART2_TX
PA3.GPIOParameters=GPIO_Label
PA3.GPIO_Label=T_VCP_RX
PA3.Locked=true
PA3.Mode=Asynchronous
PA3.Signal=USART2_RX
PB0-VDD_TCXO.Mode=HSE-TCXO
PB0-VDD_TCXO.Signal=VDDTCXO
PB11.GPIOParameters=GPIO_Speed,GPIO_Label
PB11.GPIO_Label=LED3
PB11.GPIO_Speed=GPIO_SPEED_FREQ_HIGH
PB11.Locked=true
PB11.Signal=GPIO_Output
PB15.GPIOParameters=GPIO_Speed,GPIO_Label
PB15.GPIO_Label=LED1
PB15.GPIO_Speed=GPIO_SPEED_FREQ_HIGH
PB15.Locked=true
PB15.Signal=GPIO_Output
PB3.Mode=Trace_Asynchronous_SW
PB3.Signal=DEBUG_JTDO-SWO
PB9.GPIOParameters=GPIO_Speed,GPIO_Label
PB9.GPIO_Label=LED2
PB9.GPIO_Speed=GPIO_SPEED_FREQ_HIGH
PB9.Locked=true
PB9.Signal=GPIO_Output
PC14-OSC32_IN.Locked=true
PC14-OSC32_IN.Mode=LSE-External-Oscillator
PC14-OSC32_IN.Signal=RCC_OSC32_IN
PC15-OSC32_OUT.Locked=true
PC15-OSC32_OUT.Mode=LSE-External-Oscillator
PC15-OSC32_OUT.Signal=RCC_OSC32_OUT
PC3.GPIOParameters=GPIO_Speed,GPIO_Label
PC3.GPIO_Label=FE_CTRL3
PC3.GPIO_Speed=GPIO_SPEED_FREQ_VERY_HIGH
PC3.Locked=true
PC3.Signal=GPIO_Output
PC4.GPIOParameters=GPIO_Speed,GPIO_Label
PC4.GPIO_Label=FE_CTRL1
PC4.GPIO_Speed=GPIO_SPEED_FREQ_VERY_HIGH
PC4.Locked=true
PC4.Signal=GPIO_Output
PC5.GPIOParameters=GPIO_Speed,GPIO_Label
PC5.GPIO_Label=FE_CTRL2
PC5.GPIO_Speed=GPIO_SPEED_FREQ_VERY_HIGH
PC5.Locked=true
PC5.Signal=GPIO_Output
PC6.GPIOParameters=GPIO_PuPd,GPIO_Label,GPIO_ModeDefaultEXTI
PC6.GPIO_Label=B3
PC6.GPIO_ModeDefaultEXTI=GPIO_MODE_IT_FALLING
PC6.GPIO_PuPd=GPIO_PULLUP
PC6.Locked=true
PC6.Signal=GPXTI6
PCC.Checker=true
PCC.Line=STM32WL5x
PCC.MCU=STM32WL55JCIx
PCC.PartNumber=STM32WL55JCIx
PCC.SUBGHZ.FrequencyBand=High
PCC.SUBGHZ.Modulation=FSK
PCC.SUBGHZ.OptionalSettings=false
PCC.SUBGHZ.Output.Power=14
PCC.SUBGHZ.PowerAmplifier=Low Power
PCC.SUBGHZ.RxBoosted=false
PCC.SUBGHZ.SMPS=Off
PCC.Seq0=2
PCC.Seq0.Step0.Average_Current=8.21 mA
PCC.Seq0.Step0.CPU_Frequency=48 MHz
PCC.Seq0.Step0.Category=In DS Table
PCC.Seq0.Step0.DMIPS=60.0
PCC.Seq0.Step0.Duration=0.5 ms
PCC.Seq0.Step0.Frequency=48 MHz
PCC.Seq0.Step0.Memory=SRAM1
PCC.Seq0.Step0.Mode=RUN/RUN
PCC.Seq0.Step0.Oscillator=MSI
PCC.Seq0.Step0.Peripherals=CRC GPIOA GPIOB GPIOC USART2
PCC.Seq0.Step0.TaMax=124.24
PCC.Seq0.Step0.User's_Consumption=0 mA
PCC.Seq0.Step0.Vcore=Range1-Medium/SMPS-OFF
PCC.Seq0.Step0.Vdd=3.0
PCC.Seq0.Step0.Voltage_Source=Battery
PCC.Seq0.Step1.Average_Current=885 nA
PCC.Seq0.Step1.CPU_Frequency=0 Hz
PCC.Seq0.Step1.Category=In DS Table
PCC.Seq0.Step1.DMIPS=0.0
PCC.Seq0.Step1.Duration=1 s
PCC.Seq0.Step1.Frequency=0 Hz
PCC.Seq0.Step1.Memory=NA
PCC.Seq0.Step1.Mode=STOP2/STOP2*
PCC.Seq0.Step1.Oscillator=ALL_CLOCKS_OFF
PCC.Seq0.Step1.Peripherals=
PCC.Seq0.Step1.TaMax=125
PCC.Seq0.Step1.User's_Consumption=0 mA
PCC.Seq0.Step1.Vcore=NoRange
PCC.Seq0.Step1.Vdd=3.0
PCC.Seq0.Step1.Voltage_Source=Battery
PCC.Series=STM32WL
PCC.Temperature=25
PCC.Vdd=3.0
PinOutPanel.CurrentBGAView=Top
PinOutPanel.RotationAngle=0
ProjectManager.AskForMigrate=true
ProjectManager.BackupPrevious=false
ProjectManager.BootMode=boot0
ProjectManager.CompilerOptimize=6
ProjectManager.ComputerToolchain=false
ProjectManager.CoupleFile=false
ProjectManager.CustomerFirmwarePackage=
ProjectManager.DefaultFWLocation=true
ProjectManager.DeletePrevious=true
ProjectManager.DeviceId=STM32WL55JCIx
ProjectManager.FirmwarePackage=STM32Cube FW_WL V1.3.0
ProjectManager.FreePins=false
ProjectManager.HalAssertFull=false
ProjectManager.HeapSize=M4-0x200,M0P-0x200
ProjectManager.KeepUserCode=true
ProjectManager.LastFirmware=true
ProjectManager.LibraryCopy=1
ProjectManager.MainLocation=Core/Src
ProjectManager.NoMain=false
ProjectManager.PreviousToolchain=
ProjectManager.ProjectBuild=false
ProjectManager.ProjectFileName=TinyML_Nucleo.ioc
ProjectManager.ProjectName=TinyML_Nucleo
ProjectManager.ProjectStructure=M4\:Non Secure Project\:true;M0P\:Non Secure Project\:true;
ProjectManager.RegisterCallBack=
ProjectManager.StackSize=M4-0x400,M0P-0x400
ProjectManager.TargetToolchain=STM32CubeIDE
ProjectManager.ToolChainLocation=
ProjectManager.UnderRoot=true
ProjectManager.functionlistsort=1-SystemClock_Config-RCC-false-HAL-false-CortexM4,2-MX_GPIO_Init-GPIO-false-HAL-true-CortexM4,3-MX_USART2_UART_Init-USART2-false-HAL-true-CortexM4,4-MX_CRC_Init-CRC-false-HAL-true-CortexM4,5-MX_TIM16_Init-TIM16-false-HAL-true-CortexM4
RCC.AHBFreq_Value=48000000
RCC.APB1Freq_Value=48000000
RCC.APB1TimFreq_Value=48000000
RCC.APB2Freq_Value=48000000
RCC.APB2TimFreq_Value=48000000
RCC.APB3Freq_Value=48000000
RCC.Cortex2Freq_Value=48000000
RCC.CortexFreq_Value=48000000
RCC.FCLK2Freq_Value=48000000
RCC.FCLKCortexFreq_Value=48000000
RCC.FamilyName=M
RCC.HCLK2Freq_Value=48000000
RCC.HCLK3Freq_Value=48000000
RCC.HCLKFreq_Value=48000000
RCC.HSE_VALUE=32000000
RCC.HSI_VALUE=16000000
RCC.I2C1Freq_Value=48000000
RCC.I2C2Freq_Value=48000000
RCC.I2C3Freq_Value=48000000
RCC.I2S2Freq_Value=16000000
RCC.IPParameters=AHBFreq_Value,APB1Freq_Value,APB1TimFreq_Value,APB2Freq_Value,APB2TimFreq_Value,APB3Freq_Value,Cortex2Freq_Value,CortexFreq_Value,FCLK2Freq_Value,FCLKCortexFreq_Value,FamilyName,HCLK2Freq_Value,HCLK3Freq_Value,HCLKFreq_Value,HSE_VALUE,HSI_VALUE,I2C1Freq_Value,I2C2Freq_Value,I2C3Freq_Value,I2S2Freq_Value,LPTIM1Freq_Value,LPTIM2Freq_Value,LPTIM3Freq_Value,LPUART1Freq_Value,LSCOPinFreq_Value,LSE_VALUE,MCO1PinFreq_Value,MSIClockRange,PLLPoutputFreq_Value,PLLQoutputFreq_Value,PLLRCLKFreq_Value,PWRFreq_Value,RNGFreq_Value,SYSCLKFreq_VALUE,USART1Freq_Value,USART2Freq_Value,VCOInputFreq_Value,VCOOutputFreq_Value
RCC.LPTIM1Freq_Value=48000000
RCC.LPTIM2Freq_Value=48000000
RCC.LPTIM3Freq_Value=48000000
RCC.LPUART1Freq_Value=48000000
RCC.LSCOPinFreq_Value=32000
RCC.LSE_VALUE=32768
RCC.MCO1PinFreq_Value=48000000
RCC.MSIClockRange=RCC_MSIRANGE_11
RCC.PLLPoutputFreq_Value=192000000
RCC.PLLQoutputFreq_Value=192000000
RCC.PLLRCLKFreq_Value=192000000
RCC.PWRFreq_Value=48000000
RCC.RNGFreq_Value=32000
RCC.SYSCLKFreq_VALUE=48000000
RCC.USART1Freq_Value=48000000
RCC.USART2Freq_Value=48000000
RCC.VCOInputFreq_Value=48000000
RCC.VCOOutputFreq_Value=384000000
SH.GPXTI0.0=GPIO_EXTI0
SH.GPXTI0.ConfNb=1
SH.GPXTI1.0=GPIO_EXTI1
SH.GPXTI1.ConfNb=1
SH.GPXTI6.0=GPIO_EXTI6
SH.GPXTI6.ConfNb=1
STMicroelectronics.X-CUBE-AI.8.0.1_M4.ActivationBufferSizeList=9608
STMicroelectronics.X-CUBE-AI.8.0.1_M4.ActivationBuffers=pool0
STMicroelectronics.X-CUBE-AI.8.0.1_M4.ActivationNames=pool0
STMicroelectronics.X-CUBE-AI.8.0.1_M4.ActivationPragmas=AI_SRAM1
STMicroelectronics.X-CUBE-AI.8.0.1_M4.ActivationSizes=AI_CNN_DATA_ACTIVATION_1_SIZE
STMicroelectronics.X-CUBE-AI.8.0.1_M4.ArtificialOoIntelligenceJjXAaCUBEAaAI_Checked=true
STMicroelectronics.X-CUBE-AI.8.0.1_M4.HeapSize=0x800
STMicroelectronics.X-CUBE-AI.8.0.1_M4.IPParameters=ModelNameList,ModelHashList,ActivationNames,ActivationPragmas,ActivationSizes,ActivationBuffers,copyWeightToRam,WorkingBufferStartAddrList,HeapSize,StackSize,InternalRamActivationBufferMaxSize,ActivationBufferSizeList,MaximumSizeOfInputLayer,MaximumSizeOfOutputLayer,ReadyForCodeGeneration,ModelName-8b256a3db655dc701118efa9fb216f7e1f7116dae016028ad934ff443418338f,ModelCompression-8b256a3db655dc701118efa9fb216f7e1f7116dae016028ad934ff443418338f,ModelType-8b256a3db655dc701118efa9fb216f7e1f7116dae016028ad934ff443418338f,ModelKind-8b256a3db655dc701118efa9fb216f7e1f7116dae016028ad934ff443418338f,LatestDirectoryUsed-8b256a3db655dc701118efa9fb216f7e1f7116dae016028ad934ff443418338f,ModelStructureFile-8b256a3db655dc701118efa9fb216f7e1f7116dae016028ad934ff443418338f,ValidationInputFileHistory-8b256a3db655dc701118efa9fb216f7e1f7116dae016028ad934ff443418338f,ModelMacc-8b256a3db655dc701118efa9fb216f7e1f7116dae016028ad934ff443418338f,ModelActualCompression-8b256a3db655dc701118efa9fb216f7e1f7116dae016028ad934ff443418338f,ModelRamOccupation-8b256a3db655dc701118efa9fb216f7e1f7116dae016028ad934ff443418338f,ModelFlashOccupation-8b256a3db655dc701118efa9fb216f7e1f7116dae016028ad934ff443418338f,copyWeightToRam-8b256a3db655dc701118efa9fb216f7e1f7116dae016028ad934ff443418338f,useInputAllocation-8b256a3db655dc701118efa9fb216f7e1f7116dae016028ad934ff443418338f,useOutputAllocation-8b256a3db655dc701118efa9fb216f7e1f7116dae016028ad934ff443418338f,classifier-8b256a3db655dc701118efa9fb216f7e1f7116dae016028ad934ff443418338f,customLayerConfigEnabled-8b256a3db655dc701118efa9fb216f7e1f7116dae016028ad934ff443418338f,ValidationOutputFileHistory-8b256a3db655dc701118efa9fb216f7e1f7116dae016028ad934ff443418338f,ValidationInputFile-8b256a3db655dc701118efa9fb216f7e1f7116dae016028ad934ff443418338f,ValidationOutputFile-8b256a3db655dc701118efa9fb216f7e1f7116dae016028ad934ff443418338f,MaximumNumberOfInputLayer,MaximumNumberOfOutputLayer,ModelName-fbc070535b200467ae9bcb0f846fb8ba10663ad7cea771618c1773d78b22b5a8,ModelType-fbc070535b200467ae9bcb0f846fb8ba10663ad7cea771618c1773d78b22b5a8,ModelKind-fbc070535b200467ae9bcb0f846fb8ba10663ad7cea771618c1773d78b22b5a8,ModelCompression-fbc070535b200467ae9bcb0f846fb8ba10663ad7cea771618c1773d78b22b5a8,LatestDirectoryUsed-fbc070535b200467ae9bcb0f846fb8ba10663ad7cea771618c1773d78b22b5a8,ModelStructureFile-fbc070535b200467ae9bcb0f846fb8ba10663ad7cea771618c1773d78b22b5a8,copyWeightToRam-fbc070535b200467ae9bcb0f846fb8ba10663ad7cea771618c1773d78b22b5a8,useInputAllocation-fbc070535b200467ae9bcb0f846fb8ba10663ad7cea771618c1773d78b22b5a8,useOutputAllocation-fbc070535b200467ae9bcb0f846fb8ba10663ad7cea771618c1773d78b22b5a8,classifier-fbc070535b200467ae9bcb0f846fb8ba10663ad7cea771618c1773d78b22b5a8,customLayerConfigEnabled-fbc070535b200467ae9bcb0f846fb8ba10663ad7cea771618c1773d78b22b5a8,ModelMacc-fbc070535b200467ae9bcb0f846fb8ba10663ad7cea771618c1773d78b22b5a8,ModelActualCompression-fbc070535b200467ae9bcb0f846fb8ba10663ad7cea771618c1773d78b22b5a8,ModelRamOccupation-fbc070535b200467ae9bcb0f846fb8ba10663ad7cea771618c1773d78b22b5a8,ModelFlashOccupation-fbc070535b200467ae9bcb0f846fb8ba10663ad7cea771618c1773d78b22b5a8,XAaCUBEAaAICcArtificialOoIntelligenceJjCore
STMicroelectronics.X-CUBE-AI.8.0.1_M4.InternalRamActivationBufferMaxSize=AI_CNN_DATA_ACTIVATIONS_SIZE
STMicroelectronics.X-CUBE-AI.8.0.1_M4.LatestDirectoryUsed-8b256a3db655dc701118efa9fb216f7e1f7116dae016028ad934ff443418338f=C\:\\Users\\loren\\PycharmProjects\\tinyML-thesis\\Models
STMicroelectronics.X-CUBE-AI.8.0.1_M4.LatestDirectoryUsed-fbc070535b200467ae9bcb0f846fb8ba10663ad7cea771618c1773d78b22b5a8=C\:\\Users\\loren\\PycharmProjects\\tinyML-thesis\\Models
STMicroelectronics.X-CUBE-AI.8.0.1_M4.MaximumNumberOfInputLayer=1
STMicroelectronics.X-CUBE-AI.8.0.1_M4.MaximumNumberOfOutputLayer=1
STMicroelectronics.X-CUBE-AI.8.0.1_M4.MaximumSizeOfInputLayer=1
STMicroelectronics.X-CUBE-AI.8.0.1_M4.MaximumSizeOfOutputLayer=1
STMicroelectronics.X-CUBE-AI.8.0.1_M4.ModelActualCompression-8b256a3db655dc701118efa9fb216f7e1f7116dae016028ad934ff443418338f=0.0
STMicroelectronics.X-CUBE-AI.8.0.1_M4.ModelActualCompression-fbc070535b200467ae9bcb0f846fb8ba10663ad7cea771618c1773d78b22b5a8=0.0
STMicroelectronics.X-CUBE-AI.8.0.1_M4.ModelCompression-8b256a3db655dc701118efa9fb216f7e1f7116dae016028ad934ff443418338f=None
STMicroelectronics.X-CUBE-AI.8.0.1_M4.ModelCompression-fbc070535b200467ae9bcb0f846fb8ba10663ad7cea771618c1773d78b22b5a8=None
STMicroelectronics.X-CUBE-AI.8.0.1_M4.ModelFlashOccupation-8b256a3db655dc701118efa9fb216f7e1f7116dae016028ad934ff443418338f=41628
STMicroelectronics.X-CUBE-AI.8.0.1_M4.ModelFlashOccupation-fbc070535b200467ae9bcb0f846fb8ba10663ad7cea771618c1773d78b22b5a8=73710
STMicroelectronics.X-CUBE-AI.8.0.1_M4.ModelHashList=8b256a3db655dc701118efa9fb216f7e1f7116dae016028ad934ff443418338f
STMicroelectronics.X-CUBE-AI.8.0.1_M4.ModelKind-8b256a3db655dc701118efa9fb216f7e1f7116dae016028ad934ff443418338f=TFLITE
STMicroelectronics.X-CUBE-AI.8.0.1_M4.ModelKind-fbc070535b200467ae9bcb0f846fb8ba10663ad7cea771618c1773d78b22b5a8=TFLITE
STMicroelectronics.X-CUBE-AI.8.0.1_M4.ModelMacc-8b256a3db655dc701118efa9fb216f7e1f7116dae016028ad934ff443418338f=369900
STMicroelectronics.X-CUBE-AI.8.0.1_M4.ModelMacc-fbc070535b200467ae9bcb0f846fb8ba10663ad7cea771618c1773d78b22b5a8=5834686
STMicroelectronics.X-CUBE-AI.8.0.1_M4.ModelName-8b256a3db655dc701118efa9fb216f7e1f7116dae016028ad934ff443418338f=cnn
STMicroelectronics.X-CUBE-AI.8.0.1_M4.ModelName-fbc070535b200467ae9bcb0f846fb8ba10663ad7cea771618c1773d78b22b5a8=mtl_network
STMicroelectronics.X-CUBE-AI.8.0.1_M4.ModelNameList=cnn
STMicroelectronics.X-CUBE-AI.8.0.1_M4.ModelRamOccupation-8b256a3db655dc701118efa9fb216f7e1f7116dae016028ad934ff443418338f=9608
STMicroelectronics.X-CUBE-AI.8.0.1_M4.ModelRamOccupation-fbc070535b200467ae9bcb0f846fb8ba10663ad7cea771618c1773d78b22b5a8=47664
STMicroelectronics.X-CUBE-AI.8.0.1_M4.ModelStructureFile-8b256a3db655dc701118efa9fb216f7e1f7116dae016028ad934ff443418338f=C\:\\Users\\loren\\PycharmProjects\\tinyML-thesis\\Models\\model.tflite
STMicroelectronics.X-CUBE-AI.8.0.1_M4.ModelStructureFile-fbc070535b200467ae9bcb0f846fb8ba10663ad7cea771618c1773d78b22b5a8=C\:\\Users\\loren\\PycharmProjects\\tinyML-thesis\\Models\\model.tflite
STMicroelectronics.X-CUBE-AI.8.0.1_M4.ModelType-8b256a3db655dc701118efa9fb216f7e1f7116dae016028ad934ff443418338f=STM32Cube.AI runtime
STMicroelectronics.X-CUBE-AI.8.0.1_M4.ModelType-fbc070535b200467ae9bcb0f846fb8ba10663ad7cea771618c1773d78b22b5a8=STM32Cube.AI runtime
STMicroelectronics.X-CUBE-AI.8.0.1_M4.ReadyForCodeGeneration=true
STMicroelectronics.X-CUBE-AI.8.0.1_M4.StackSize=0x800
STMicroelectronics.X-CUBE-AI.8.0.1_M4.ValidationInputFile-8b256a3db655dc701118efa9fb216f7e1f7116dae016028ad934ff443418338f=C\:\\Users\\loren\\Desktop\\validate MCU\\50ms\\x_test.csv
STMicroelectronics.X-CUBE-AI.8.0.1_M4.ValidationInputFileHistory-8b256a3db655dc701118efa9fb216f7e1f7116dae016028ad934ff443418338f=C\:\\Users\\loren\\Desktop\\validate MCU\\50ms\\x_test.csv
STMicroelectronics.X-CUBE-AI.8.0.1_M4.ValidationOutputFile-8b256a3db655dc701118efa9fb216f7e1f7116dae016028ad934ff443418338f=C\:\\Users\\loren\\Desktop\\validate MCU\\50ms\\y_test.csv
STMicroelectronics.X-CUBE-AI.8.0.1_M4.ValidationOutputFileHistory-8b256a3db655dc701118efa9fb216f7e1f7116dae016028ad934ff443418338f=C\:\\Users\\loren\\Desktop\\validate MCU\\50ms\\y_test.csv
STMicroelectronics.X-CUBE-AI.8.0.1_M4.WorkingBufferStartAddrList=0xFFFFFFFF
STMicroelectronics.X-CUBE-AI.8.0.1_M4.XAaCUBEAaAICcArtificialOoIntelligenceJjCore=true
STMicroelectronics.X-CUBE-AI.8.0.1_M4.classifier-8b256a3db655dc701118efa9fb216f7e1f7116dae016028ad934ff443418338f=true
STMicroelectronics.X-CUBE-AI.8.0.1_M4.classifier-fbc070535b200467ae9bcb0f846fb8ba10663ad7cea771618c1773d78b22b5a8=true
STMicroelectronics.X-CUBE-AI.8.0.1_M4.copyWeightToRam=false
STMicroelectronics.X-CUBE-AI.8.0.1_M4.copyWeightToRam-8b256a3db655dc701118efa9fb216f7e1f7116dae016028ad934ff443418338f=false
STMicroelectronics.X-CUBE-AI.8.0.1_M4.copyWeightToRam-fbc070535b200467ae9bcb0f846fb8ba10663ad7cea771618c1773d78b22b5a8=false
STMicroelectronics.X-CUBE-AI.8.0.1_M4.customLayerConfigEnabled-8b256a3db655dc701118efa9fb216f7e1f7116dae016028ad934ff443418338f=false
STMicroelectronics.X-CUBE-AI.8.0.1_M4.customLayerConfigEnabled-fbc070535b200467ae9bcb0f846fb8ba10663ad7cea771618c1773d78b22b5a8=false
STMicroelectronics.X-CUBE-AI.8.0.1_M4.useInputAllocation-8b256a3db655dc701118efa9fb216f7e1f7116dae016028ad934ff443418338f=true
STMicroelectronics.X-CUBE-AI.8.0.1_M4.useInputAllocation-fbc070535b200467ae9bcb0f846fb8ba10663ad7cea771618c1773d78b22b5a8=true
STMicroelectronics.X-CUBE-AI.8.0.1_M4.useOutputAllocation-8b256a3db655dc701118efa9fb216f7e1f7116dae016028ad934ff443418338f=true
STMicroelectronics.X-CUBE-AI.8.0.1_M4.useOutputAllocation-fbc070535b200467ae9bcb0f846fb8ba10663ad7cea771618c1773d78b22b5a8=true
STMicroelectronics.X-CUBE-AI.8.0.1_M4_SwParameter=XAaCUBEAaAICcArtificialOoIntelligenceJjCore\:true;
STMicroelectronics.X-CUBE-ALGOBUILD.1.3.0_M4.DSPOoLibraryJjLibrary_Checked=true
STMicroelectronics.X-CUBE-ALGOBUILD.1.3.0_M4.IPParameters=LibraryCcDSPOoLibraryJjDSPOoLibrary
STMicroelectronics.X-CUBE-ALGOBUILD.1.3.0_M4.LibraryCcDSPOoLibraryJjDSPOoLibrary=true
STMicroelectronics.X-CUBE-ALGOBUILD.1.3.0_M4_SwParameter=LibraryCcDSPOoLibraryJjDSPOoLibrary\:true;
SYS.userName=SYS_M4
SYS_M0PLUS.userName=SYS_M0+
TIM16.IPParameters=Prescaler
TIM16.Prescaler=31
USART2.IPParameters=VirtualMode-Asynchronous
USART2.VirtualMode-Asynchronous=VM_ASYNC
VP_CRC_VS_CRC.Mode=CRC_Activate
VP_CRC_VS_CRC.Signal=CRC_VS_CRC
VP_STMicroelectronics.X-CUBE-AI_M4_VS_ArtificialOoIntelligenceJjXAaCUBEAaAI_8.0.1.Mode=ArtificialOoIntelligenceJjXAaCUBEAaAI
VP_STMicroelectronics.X-CUBE-AI_M4_VS_ArtificialOoIntelligenceJjXAaCUBEAaAI_8.0.1.Signal=STMicroelectronics.X-CUBE-AI_M4_VS_ArtificialOoIntelligenceJjXAaCUBEAaAI_8.0.1
VP_STMicroelectronics.X-CUBE-ALGOBUILD_M4_VS_DSPOoLibraryJjLibrary_1.3.0_1.3.0.Mode=DSPOoLibraryJjLibrary
VP_STMicroelectronics.X-CUBE-ALGOBUILD_M4_VS_DSPOoLibraryJjLibrary_1.3.0_1.3.0.Signal=STMicroelectronics.X-CUBE-ALGOBUILD_M4_VS_DSPOoLibraryJjLibrary_1.3.0_1.3.0
VP_SYS_M0PLUS_VS_Systick.Mode=SysTick
VP_SYS_M0PLUS_VS_Systick.Signal=SYS_M0PLUS_VS_Systick
VP_SYS_VS_Systick.Mode=SysTick
VP_SYS_VS_Systick.Signal=SYS_VS_Systick
VP_TIM16_VS_ClockSourceINT.Mode=Enable_Timer
VP_TIM16_VS_ClockSourceINT.Signal=TIM16_VS_ClockSourceINT
board=NUCLEO-WL55JC2
boardIOC=true
isbadioc=false
