#MicroXplorer Configuration settings - do not modify
CAD.formats=
CAD.pinconfig=
CAD.provider=
CortexM0Plus.IPs=RCC,SYS_M0PLUS\:I,DMA,NVIC2\:I,IPCC,ADV_TRACE,GPIO,GTZC_S\:I,LORAWAN,MISC,SEQUENCER_M0PLUS\:I,SIGFOX,SUBGHZ\:I,SUBGHZ_PHY,TIMER,TINY_LPM
CortexM4.IPs=FATFS\:I,RCC\:I,SYS\:I,DMA\:I,NVIC1\:I,USART2\:I,DEBUG\:I,IPCC\:I,ADV_TRACE\:I,FREERTOS\:I,GPIO\:I,GTZC_NS\:I,LORAWAN\:I,MISC\:I,SEQUENCER_M4\:I,SIGFOX\:I,SUBGHZ_PHY\:I,TIMER\:I,TINY_LPM\:I,TIM16\:I,STMicroelectronics.X-CUBE-AI.8.0.1_M4\:I,STMicroelectronics.X-CUBE-ALGOBUILD.1.3.0_M4\:I,CRC\:I
File.Version=6
GPIO.groupedBy=Group By Peripherals
KeepUserPlacement=false
Mcu.CPN=STM32WL55JCI6
Mcu.Context0=CortexM4
Mcu.Context1=CortexM0Plus
Mcu.ContextNb=2
Mcu.ContextProject=DualCore
Mcu.Family=STM32WL
Mcu.IP0=CRC
Mcu.IP1=DEBUG
Mcu.IP2=NVIC1
Mcu.IP3=NVIC2
Mcu.IP4=RCC
Mcu.IP5=SYS_M0PLUS
Mcu.IP6=SYS
Mcu.IP7=TIM16
Mcu.IP8=USART2
Mcu.IPNb=9
Mcu.Name=STM32WL55JCIx
Mcu.Package=UFBGA73
Mcu.Pin0=PA14
Mcu.Pin1=PB15
Mcu.Pin10=PB0-VDD_TCXO
Mcu.Pin11=PC6
Mcu.Pin12=PA1
Mcu.Pin13=PB11
Mcu.Pin14=OSC_IN
Mcu.Pin15=PA3
Mcu.Pin16=PA2
Mcu.Pin17=VP_CRC_VS_CRC
Mcu.Pin18=VP_SYS_VS_Systick
Mcu.Pin19=VP_SYS_M0PLUS_VS_Systick
Mcu.Pin2=PC14-OSC32_IN
Mcu.Pin20=VP_TIM16_VS_ClockSourceINT
Mcu.Pin21=VP_STMicroelectronics.X-CUBE-AI_M4_VS_ArtificialOoIntelligenceJjXAaCUBEAaAI_8.0.1
Mcu.Pin22=VP_STMicroelectronics.X-CUBE-AI_M4_VS_DeviceJjApplication_8.0.1
Mcu.Pin23=VP_STMicroelectronics.X-CUBE-ALGOBUILD_M4_VS_DSPOoLibraryJjLibrary_1.3.0_1.3.0
Mcu.Pin3=PA13
Mcu.Pin4=PB9
Mcu.Pin5=PC15-OSC32_OUT
Mcu.Pin6=PC3
Mcu.Pin7=PA0
Mcu.Pin8=PC5
Mcu.Pin9=PC4
Mcu.PinsNb=24
Mcu.ThirdParty0=STMicroelectronics.X-CUBE-AI.8.0.1
Mcu.ThirdParty0_ContextShortName=M4
Mcu.ThirdParty0_Instance=STMicroelectronics.X-CUBE-AI.8.0.1_M4
Mcu.ThirdParty1=STMicroelectronics.X-CUBE-ALGOBUILD.1.3.0
Mcu.ThirdParty1_ContextShortName=M4
Mcu.ThirdParty1_Instance=STMicroelectronics.X-CUBE-ALGOBUILD.1.3.0_M4
Mcu.ThirdPartyNb=2
Mcu.UserConstants=
Mcu.UserName=STM32WL55JCIx
MxCube.Version=6.8.1
MxDb.Version=DB.6.0.81
NVIC1.BusFault_IRQn=true\:0\:0\:false\:false\:true\:false\:false\:false
NVIC1.DebugMonitor_IRQn=true\:0\:0\:false\:false\:true\:false\:false\:false
NVIC1.ForceEnableDMAVector=true
NVIC1.HardFault_IRQn=true\:0\:0\:false\:false\:true\:false\:false\:false
NVIC1.MemoryManagement_IRQn=true\:0\:0\:false\:false\:true\:false\:false\:false
NVIC1.NonMaskableInt_IRQn=true\:0\:0\:false\:false\:true\:false\:false\:false
NVIC1.PendSV_IRQn=true\:0\:0\:false\:false\:true\:false\:false\:false
NVIC1.PriorityGroup=NVIC_PRIORITYGROUP_4
NVIC1.SVCall_IRQn=true\:0\:0\:false\:false\:true\:false\:false\:false
NVIC1.SysTick_IRQn=true\:0\:0\:false\:false\:true\:false\:true\:false
NVIC1.USART2_IRQn=true\:0\:0\:false\:false\:true\:true\:true\:true
NVIC1.UsageFault_IRQn=true\:0\:0\:false\:false\:true\:false\:false\:false
NVIC2.ForceEnableDMAVector=true
NVIC2.HardFault_IRQn=true\:0\:0\:false\:false\:true\:false\:false\:false
NVIC2.NonMaskableInt_IRQn=true\:0\:0\:false\:false\:true\:false\:false\:false
NVIC2.PendSV_IRQn=true\:0\:0\:false\:false\:true\:false\:false\:false
NVIC2.SVC_IRQn=true\:0\:0\:false\:false\:true\:false\:false\:true
NVIC2.SysTick_IRQn=true\:0\:0\:false\:false\:true\:false\:true\:false
OSC_IN.Mode=HSE-TCXO
OSC_IN.Signal=RCC_OSC_IN
PA0.GPIOParameters=GPIO_PuPd,GPIO_Label,GPIO_ModeDefaultEXTI
PA0.GPIO_Label=B1
PA0.GPIO_ModeDefaultEXTI=GPIO_MODE_IT_FALLING
PA0.GPIO_PuPd=GPIO_PULLUP
PA0.Locked=true
PA0.Signal=GPXTI0
PA1.GPIOParameters=GPIO_PuPd,GPIO_Label,GPIO_ModeDefaultEXTI
PA1.GPIO_Label=B2
PA1.GPIO_ModeDefaultEXTI=GPIO_MODE_IT_FALLING
PA1.GPIO_PuPd=GPIO_PULLUP
PA1.Locked=true
PA1.Signal=GPXTI1
PA13.Mode=Serial_Wire
PA13.Signal=DEBUG_JTMS-SWDIO
PA14.Mode=Serial_Wire
PA14.Signal=DEBUG_JTCK-SWCLK
PA2.GPIOParameters=GPIO_Speed,GPIO_Label
PA2.GPIO_Label=T_VCP_RX
PA2.GPIO_Speed=GPIO_SPEED_FREQ_LOW
PA2.Locked=true
PA2.Mode=Asynchronous
PA2.Signal=USART2_TX
PA3.GPIOParameters=GPIO_Speed,GPIO_Label
PA3.GPIO_Label=T_VCP_RX
PA3.GPIO_Speed=GPIO_SPEED_FREQ_LOW
PA3.Locked=true
PA3.Mode=Asynchronous
PA3.Signal=USART2_RX
PB0-VDD_TCXO.Mode=HSE-TCXO
PB0-VDD_TCXO.Signal=VDDTCXO
PB11.GPIOParameters=GPIO_Speed,GPIO_Label
PB11.GPIO_Label=LED3
PB11.GPIO_Speed=GPIO_SPEED_FREQ_HIGH
PB11.Locked=true
PB11.Signal=GPIO_Output
PB15.GPIOParameters=GPIO_Speed,GPIO_Label
PB15.GPIO_Label=LED1
PB15.GPIO_Speed=GPIO_SPEED_FREQ_HIGH
PB15.Locked=true
PB15.Signal=GPIO_Output
PB9.GPIOParameters=GPIO_Speed,GPIO_Label
PB9.GPIO_Label=LED2
PB9.GPIO_Speed=GPIO_SPEED_FREQ_HIGH
PB9.Locked=true
PB9.Signal=GPIO_Output
PC14-OSC32_IN.Locked=true
PC14-OSC32_IN.Mode=LSE-External-Oscillator
PC14-OSC32_IN.Signal=RCC_OSC32_IN
PC15-OSC32_OUT.Locked=true
PC15-OSC32_OUT.Mode=LSE-External-Oscillator
PC15-OSC32_OUT.Signal=RCC_OSC32_OUT
PC3.GPIOParameters=GPIO_Speed,GPIO_Label
PC3.GPIO_Label=FE_CTRL3
PC3.GPIO_Speed=GPIO_SPEED_FREQ_VERY_HIGH
PC3.Locked=true
PC3.Signal=GPIO_Output
PC4.GPIOParameters=GPIO_Speed,GPIO_Label
PC4.GPIO_Label=FE_CTRL1
PC4.GPIO_Speed=GPIO_SPEED_FREQ_VERY_HIGH
PC4.Locked=true
PC4.Signal=GPIO_Output
PC5.GPIOParameters=GPIO_Speed,GPIO_Label
PC5.GPIO_Label=FE_CTRL2
PC5.GPIO_Speed=GPIO_SPEED_FREQ_VERY_HIGH
PC5.Locked=true
PC5.Signal=GPIO_Output
PC6.GPIOParameters=GPIO_PuPd,GPIO_Label,GPIO_ModeDefaultEXTI
PC6.GPIO_Label=B3
PC6.GPIO_ModeDefaultEXTI=GPIO_MODE_IT_FALLING
PC6.GPIO_PuPd=GPIO_PULLUP
PC6.Locked=true
PC6.Signal=GPXTI6
PCC.SUBGHZ.FrequencyBand=High
PCC.SUBGHZ.Modulation=FSK
PCC.SUBGHZ.OptionalSettings=false
PCC.SUBGHZ.Output.Power=14
PCC.SUBGHZ.PowerAmplifier=Low Power
PCC.SUBGHZ.RxBoosted=false
PCC.SUBGHZ.SMPS=Off
PinOutPanel.CurrentBGAView=Top
PinOutPanel.RotationAngle=0
ProjectManager.AskForMigrate=true
ProjectManager.BackupPrevious=false
ProjectManager.BootMode=boot0
ProjectManager.CompilerOptimize=6
ProjectManager.ComputerToolchain=false
ProjectManager.CoupleFile=false
ProjectManager.CustomerFirmwarePackage=
ProjectManager.DefaultFWLocation=true
ProjectManager.DeletePrevious=true
ProjectManager.DeviceId=STM32WL55JCIx
ProjectManager.FirmwarePackage=STM32Cube FW_WL V1.3.0
ProjectManager.FreePins=false
ProjectManager.HalAssertFull=false
ProjectManager.HeapSize=M4-0x200,M0P-0x200
ProjectManager.KeepUserCode=true
ProjectManager.LastFirmware=true
ProjectManager.LibraryCopy=1
ProjectManager.MainLocation=Core/Src
ProjectManager.NoMain=false
ProjectManager.PreviousToolchain=
ProjectManager.ProjectBuild=false
ProjectManager.ProjectFileName=Multi_task_learning.ioc
ProjectManager.ProjectName=Multi_task_learning
ProjectManager.ProjectStructure=M4\:Non Secure Project\:true;M0P\:Non Secure Project\:true;
ProjectManager.RegisterCallBack=
ProjectManager.StackSize=M4-0x400,M0P-0x400
ProjectManager.TargetToolchain=STM32CubeIDE
ProjectManager.ToolChainLocation=
ProjectManager.UnderRoot=true
ProjectManager.functionlistsort=1-SystemClock_Config-RCC-false-HAL-false-CortexM4,2-MX_GPIO_Init-GPIO-false-HAL-true-CortexM4,3-MX_USART2_UART_Init-USART2-false-HAL-true-CortexM4,4-MX_CRC_Init-CRC-false-HAL-true-CortexM4,5-MX_TIM16_Init-TIM16-false-HAL-true-CortexM4,6-MX_X_CUBE_AI_Init-STMicroelectronics.X-CUBE-AI.8.0.1_M4-false-HAL-false-CortexM4,7-MX_X_CUBE_AI_Process-STMicroelectronics.X-CUBE-AI.8.0.1_M4-false-HAL-false-CortexM4
RCC.AHBFreq_Value=48000000
RCC.APB1Freq_Value=48000000
RCC.APB1TimFreq_Value=48000000
RCC.APB2Freq_Value=48000000
RCC.APB2TimFreq_Value=48000000
RCC.APB3Freq_Value=48000000
RCC.Cortex2Freq_Value=48000000
RCC.CortexFreq_Value=48000000
RCC.FCLK2Freq_Value=48000000
RCC.FCLKCortexFreq_Value=48000000
RCC.FamilyName=M
RCC.HCLK2Freq_Value=48000000
RCC.HCLK3Freq_Value=48000000
RCC.HCLKFreq_Value=48000000
RCC.HSE_VALUE=32000000
RCC.HSI_VALUE=16000000
RCC.I2C1Freq_Value=48000000
RCC.I2C2Freq_Value=48000000
RCC.I2C3Freq_Value=48000000
RCC.I2S2Freq_Value=16000000
RCC.IPParameters=AHBFreq_Value,APB1Freq_Value,APB1TimFreq_Value,APB2Freq_Value,APB2TimFreq_Value,APB3Freq_Value,Cortex2Freq_Value,CortexFreq_Value,FCLK2Freq_Value,FCLKCortexFreq_Value,FamilyName,HCLK2Freq_Value,HCLK3Freq_Value,HCLKFreq_Value,HSE_VALUE,HSI_VALUE,I2C1Freq_Value,I2C2Freq_Value,I2C3Freq_Value,I2S2Freq_Value,LPTIM1Freq_Value,LPTIM2Freq_Value,LPTIM3Freq_Value,LPUART1Freq_Value,LSCOPinFreq_Value,LSE_VALUE,MCO1PinFreq_Value,MSIClockRange,PLLPoutputFreq_Value,PLLQoutputFreq_Value,PLLRCLKFreq_Value,PWRFreq_Value,RNGFreq_Value,SYSCLKFreq_VALUE,USART1Freq_Value,USART2Freq_Value,VCOInputFreq_Value,VCOOutputFreq_Value
RCC.LPTIM1Freq_Value=48000000
RCC.LPTIM2Freq_Value=48000000
RCC.LPTIM3Freq_Value=48000000
RCC.LPUART1Freq_Value=48000000
RCC.LSCOPinFreq_Value=32000
RCC.LSE_VALUE=32768
RCC.MCO1PinFreq_Value=48000000
RCC.MSIClockRange=RCC_MSIRANGE_11
RCC.PLLPoutputFreq_Value=192000000
RCC.PLLQoutputFreq_Value=192000000
RCC.PLLRCLKFreq_Value=192000000
RCC.PWRFreq_Value=48000000
RCC.RNGFreq_Value=32000
RCC.SYSCLKFreq_VALUE=48000000
RCC.USART1Freq_Value=48000000
RCC.USART2Freq_Value=48000000
RCC.VCOInputFreq_Value=48000000
RCC.VCOOutputFreq_Value=384000000
SH.GPXTI0.0=GPIO_EXTI0
SH.GPXTI0.ConfNb=1
SH.GPXTI1.0=GPIO_EXTI1
SH.GPXTI1.ConfNb=1
SH.GPXTI6.0=GPIO_EXTI6
SH.GPXTI6.ConfNb=1
STMicroelectronics.X-CUBE-AI.8.0.1_M4.ActivationBufferSizeList=27753
STMicroelectronics.X-CUBE-AI.8.0.1_M4.ActivationBuffers=pool0
STMicroelectronics.X-CUBE-AI.8.0.1_M4.ActivationNames=pool0
STMicroelectronics.X-CUBE-AI.8.0.1_M4.ActivationPragmas=AI_SRAM1
STMicroelectronics.X-CUBE-AI.8.0.1_M4.ActivationSizes=AI_NETWORK_DATA_ACTIVATION_1_SIZE
STMicroelectronics.X-CUBE-AI.8.0.1_M4.ApplicationCcDeviceJjApplication=SystemPerformance
STMicroelectronics.X-CUBE-AI.8.0.1_M4.ArtificialOoIntelligenceJjXAaCUBEAaAI_Checked=true
STMicroelectronics.X-CUBE-AI.8.0.1_M4.BSP.number=1
STMicroelectronics.X-CUBE-AI.8.0.1_M4.DeviceJjApplication_Checked=true
STMicroelectronics.X-CUBE-AI.8.0.1_M4.HeapSize=0x800
STMicroelectronics.X-CUBE-AI.8.0.1_M4.IPParameters=HeapSize,StackSize,ModelName-8386f41ec03c7b0f2b66c7aed2f93d4118b1ce7c2819eee674e54a325c6de7b2,ModelKind-8386f41ec03c7b0f2b66c7aed2f93d4118b1ce7c2819eee674e54a325c6de7b2,ModelCompression-8386f41ec03c7b0f2b66c7aed2f93d4118b1ce7c2819eee674e54a325c6de7b2,ModelHashList,ModelNameList,WorkingBufferStartAddrList,LatestDirectoryUsed-8386f41ec03c7b0f2b66c7aed2f93d4118b1ce7c2819eee674e54a325c6de7b2,ModelMacc-8386f41ec03c7b0f2b66c7aed2f93d4118b1ce7c2819eee674e54a325c6de7b2,ModelActualCompression-8386f41ec03c7b0f2b66c7aed2f93d4118b1ce7c2819eee674e54a325c6de7b2,ModelRamOccupation-8386f41ec03c7b0f2b66c7aed2f93d4118b1ce7c2819eee674e54a325c6de7b2,ModelFlashOccupation-8386f41ec03c7b0f2b66c7aed2f93d4118b1ce7c2819eee674e54a325c6de7b2,copyWeightToRam,useInputAllocation,useOutputAllocation,customLayerConfigEnabled,ActivationBuffers,ActivationSizes,ActivationPragmas,ActivationNames,InternalRamActivationBufferMaxSize,ActivationBufferSizeList,MaximumNumberOfInputLayer,MaximumNumberOfOutputLayer,MaximumSizeOfInputLayer,MaximumSizeOfOutputLayer,ReadyForCodeGeneration,copyWeightToRam-8386f41ec03c7b0f2b66c7aed2f93d4118b1ce7c2819eee674e54a325c6de7b2,useInputAllocation-8386f41ec03c7b0f2b66c7aed2f93d4118b1ce7c2819eee674e54a325c6de7b2,useOutputAllocation-8386f41ec03c7b0f2b66c7aed2f93d4118b1ce7c2819eee674e54a325c6de7b2,customLayerConfigEnabled-8386f41ec03c7b0f2b66c7aed2f93d4118b1ce7c2819eee674e54a325c6de7b2,ModelType-8386f41ec03c7b0f2b66c7aed2f93d4118b1ce7c2819eee674e54a325c6de7b2,ModelName-f5b4ff0584c4a8a67a761cf1d60b830aebfa962217383e7cf613274bc0545f07,ModelCompression-f5b4ff0584c4a8a67a761cf1d60b830aebfa962217383e7cf613274bc0545f07,classifier-8386f41ec03c7b0f2b66c7aed2f93d4118b1ce7c2819eee674e54a325c6de7b2,ModelActualCompression-f5b4ff0584c4a8a67a761cf1d60b830aebfa962217383e7cf613274bc0545f07,ModelFlashOccupation-f5b4ff0584c4a8a67a761cf1d60b830aebfa962217383e7cf613274bc0545f07,ModelKind-f5b4ff0584c4a8a67a761cf1d60b830aebfa962217383e7cf613274bc0545f07,ModelMacc-f5b4ff0584c4a8a67a761cf1d60b830aebfa962217383e7cf613274bc0545f07,ModelRamOccupation-f5b4ff0584c4a8a67a761cf1d60b830aebfa962217383e7cf613274bc0545f07,copyWeightToRam-f5b4ff0584c4a8a67a761cf1d60b830aebfa962217383e7cf613274bc0545f07,useInputAllocation-f5b4ff0584c4a8a67a761cf1d60b830aebfa962217383e7cf613274bc0545f07,useOutputAllocation-f5b4ff0584c4a8a67a761cf1d60b830aebfa962217383e7cf613274bc0545f07,customLayerConfigEnabled-f5b4ff0584c4a8a67a761cf1d60b830aebfa962217383e7cf613274bc0545f07,XAaCUBEAaAICcArtificialOoIntelligenceJjCore,ApplicationCcDeviceJjApplication,ModelStructureFile-8386f41ec03c7b0f2b66c7aed2f93d4118b1ce7c2819eee674e54a325c6de7b2
STMicroelectronics.X-CUBE-AI.8.0.1_M4.InternalRamActivationBufferMaxSize=AI_NETWORK_DATA_ACTIVATIONS_SIZE
STMicroelectronics.X-CUBE-AI.8.0.1_M4.LatestDirectoryUsed-8386f41ec03c7b0f2b66c7aed2f93d4118b1ce7c2819eee674e54a325c6de7b2=C\:\\Users\\loren\\PycharmProjects\\tinyML-thesis\\Models
STMicroelectronics.X-CUBE-AI.8.0.1_M4.MaximumNumberOfInputLayer=1
STMicroelectronics.X-CUBE-AI.8.0.1_M4.MaximumNumberOfOutputLayer=2
STMicroelectronics.X-CUBE-AI.8.0.1_M4.MaximumSizeOfInputLayer=AI_NETWORK_IN_1_SIZE_BYTES
STMicroelectronics.X-CUBE-AI.8.0.1_M4.MaximumSizeOfOutputLayer=1,AI_NETWORK_OUT_2_SIZE_BYTES
STMicroelectronics.X-CUBE-AI.8.0.1_M4.ModelActualCompression-8386f41ec03c7b0f2b66c7aed2f93d4118b1ce7c2819eee674e54a325c6de7b2=0.0
STMicroelectronics.X-CUBE-AI.8.0.1_M4.ModelActualCompression-f5b4ff0584c4a8a67a761cf1d60b830aebfa962217383e7cf613274bc0545f07=0.0
STMicroelectronics.X-CUBE-AI.8.0.1_M4.ModelCompression-8386f41ec03c7b0f2b66c7aed2f93d4118b1ce7c2819eee674e54a325c6de7b2=None
STMicroelectronics.X-CUBE-AI.8.0.1_M4.ModelCompression-f5b4ff0584c4a8a67a761cf1d60b830aebfa962217383e7cf613274bc0545f07=None
STMicroelectronics.X-CUBE-AI.8.0.1_M4.ModelFlashOccupation-8386f41ec03c7b0f2b66c7aed2f93d4118b1ce7c2819eee674e54a325c6de7b2=46110
STMicroelectronics.X-CUBE-AI.8.0.1_M4.ModelFlashOccupation-f5b4ff0584c4a8a67a761cf1d60b830aebfa962217383e7cf613274bc0545f07=0
STMicroelectronics.X-CUBE-AI.8.0.1_M4.ModelHashList=8386f41ec03c7b0f2b66c7aed2f93d4118b1ce7c2819eee674e54a325c6de7b2
STMicroelectronics.X-CUBE-AI.8.0.1_M4.ModelKind-8386f41ec03c7b0f2b66c7aed2f93d4118b1ce7c2819eee674e54a325c6de7b2=TFLITE
STMicroelectronics.X-CUBE-AI.8.0.1_M4.ModelKind-f5b4ff0584c4a8a67a761cf1d60b830aebfa962217383e7cf613274bc0545f07=UNKNOWN
STMicroelectronics.X-CUBE-AI.8.0.1_M4.ModelMacc-8386f41ec03c7b0f2b66c7aed2f93d4118b1ce7c2819eee674e54a325c6de7b2=1794334
STMicroelectronics.X-CUBE-AI.8.0.1_M4.ModelMacc-f5b4ff0584c4a8a67a761cf1d60b830aebfa962217383e7cf613274bc0545f07=0
STMicroelectronics.X-CUBE-AI.8.0.1_M4.ModelName-8386f41ec03c7b0f2b66c7aed2f93d4118b1ce7c2819eee674e54a325c6de7b2=network
STMicroelectronics.X-CUBE-AI.8.0.1_M4.ModelName-f5b4ff0584c4a8a67a761cf1d60b830aebfa962217383e7cf613274bc0545f07=network
STMicroelectronics.X-CUBE-AI.8.0.1_M4.ModelNameList=network
STMicroelectronics.X-CUBE-AI.8.0.1_M4.ModelRamOccupation-8386f41ec03c7b0f2b66c7aed2f93d4118b1ce7c2819eee674e54a325c6de7b2=27753
STMicroelectronics.X-CUBE-AI.8.0.1_M4.ModelRamOccupation-f5b4ff0584c4a8a67a761cf1d60b830aebfa962217383e7cf613274bc0545f07=0
STMicroelectronics.X-CUBE-AI.8.0.1_M4.ModelStructureFile-8386f41ec03c7b0f2b66c7aed2f93d4118b1ce7c2819eee674e54a325c6de7b2=C\:\\Users\\loren\\PycharmProjects\\tinyML-thesis\\Models\\mtl_model.tflite
STMicroelectronics.X-CUBE-AI.8.0.1_M4.ModelType-8386f41ec03c7b0f2b66c7aed2f93d4118b1ce7c2819eee674e54a325c6de7b2=STM32Cube.AI runtime
STMicroelectronics.X-CUBE-AI.8.0.1_M4.ReadyForCodeGeneration=true
STMicroelectronics.X-CUBE-AI.8.0.1_M4.StackSize=0x800
STMicroelectronics.X-CUBE-AI.8.0.1_M4.WorkingBufferStartAddrList=0xFFFFFFFF
STMicroelectronics.X-CUBE-AI.8.0.1_M4.XAaCUBEAaAICcArtificialOoIntelligenceJjCore=true
STMicroelectronics.X-CUBE-AI.8.0.1_M4.classifier-8386f41ec03c7b0f2b66c7aed2f93d4118b1ce7c2819eee674e54a325c6de7b2=true
STMicroelectronics.X-CUBE-AI.8.0.1_M4.copyWeightToRam=false
STMicroelectronics.X-CUBE-AI.8.0.1_M4.copyWeightToRam-8386f41ec03c7b0f2b66c7aed2f93d4118b1ce7c2819eee674e54a325c6de7b2=false
STMicroelectronics.X-CUBE-AI.8.0.1_M4.copyWeightToRam-f5b4ff0584c4a8a67a761cf1d60b830aebfa962217383e7cf613274bc0545f07=false
STMicroelectronics.X-CUBE-AI.8.0.1_M4.customLayerConfigEnabled=false
STMicroelectronics.X-CUBE-AI.8.0.1_M4.customLayerConfigEnabled-8386f41ec03c7b0f2b66c7aed2f93d4118b1ce7c2819eee674e54a325c6de7b2=false
STMicroelectronics.X-CUBE-AI.8.0.1_M4.customLayerConfigEnabled-f5b4ff0584c4a8a67a761cf1d60b830aebfa962217383e7cf613274bc0545f07=false
STMicroelectronics.X-CUBE-AI.8.0.1_M4.useInputAllocation=true
STMicroelectronics.X-CUBE-AI.8.0.1_M4.useInputAllocation-8386f41ec03c7b0f2b66c7aed2f93d4118b1ce7c2819eee674e54a325c6de7b2=false
STMicroelectronics.X-CUBE-AI.8.0.1_M4.useInputAllocation-f5b4ff0584c4a8a67a761cf1d60b830aebfa962217383e7cf613274bc0545f07=true
STMicroelectronics.X-CUBE-AI.8.0.1_M4.useOutputAllocation=true
STMicroelectronics.X-CUBE-AI.8.0.1_M4.useOutputAllocation-8386f41ec03c7b0f2b66c7aed2f93d4118b1ce7c2819eee674e54a325c6de7b2=false
STMicroelectronics.X-CUBE-AI.8.0.1_M4.useOutputAllocation-f5b4ff0584c4a8a67a761cf1d60b830aebfa962217383e7cf613274bc0545f07=true
STMicroelectronics.X-CUBE-AI.8.0.1_M40.BSP.STBoard=false
STMicroelectronics.X-CUBE-AI.8.0.1_M40.BSP.api=Unknown
STMicroelectronics.X-CUBE-AI.8.0.1_M40.BSP.component=
STMicroelectronics.X-CUBE-AI.8.0.1_M40.BSP.condition=\!SEMDeviceJjApplicationJjApplicationTemplate$context
STMicroelectronics.X-CUBE-AI.8.0.1_M40.BSP.instance=USART2
STMicroelectronics.X-CUBE-AI.8.0.1_M40.BSP.ip=USART
STMicroelectronics.X-CUBE-AI.8.0.1_M40.BSP.mode=Asynchronous
STMicroelectronics.X-CUBE-AI.8.0.1_M40.BSP.name=COM Port
STMicroelectronics.X-CUBE-AI.8.0.1_M40.BSP.semaphore=
STMicroelectronics.X-CUBE-AI.8.0.1_M40.BSP.solution=USART2
STMicroelectronics.X-CUBE-AI.8.0.1_M4_SwParameter=ApplicationCcDeviceJjApplication\:SystemPerformance;XAaCUBEAaAICcArtificialOoIntelligenceJjCore\:true;
STMicroelectronics.X-CUBE-ALGOBUILD.1.3.0_M4.DSPOoLibraryJjLibrary_Checked=true
STMicroelectronics.X-CUBE-ALGOBUILD.1.3.0_M4.IPParameters=LibraryCcDSPOoLibraryJjDSPOoLibrary
STMicroelectronics.X-CUBE-ALGOBUILD.1.3.0_M4.LibraryCcDSPOoLibraryJjDSPOoLibrary=true
STMicroelectronics.X-CUBE-ALGOBUILD.1.3.0_M4_SwParameter=LibraryCcDSPOoLibraryJjDSPOoLibrary\:true;
SYS.userName=SYS_M4
SYS_M0PLUS.userName=SYS_M0+
USART2.IPParameters=VirtualMode-Asynchronous
USART2.VirtualMode-Asynchronous=VM_ASYNC
VP_CRC_VS_CRC.Mode=CRC_Activate
VP_CRC_VS_CRC.Signal=CRC_VS_CRC
VP_STMicroelectronics.X-CUBE-AI_M4_VS_ArtificialOoIntelligenceJjXAaCUBEAaAI_8.0.1.Mode=ArtificialOoIntelligenceJjXAaCUBEAaAI
VP_STMicroelectronics.X-CUBE-AI_M4_VS_ArtificialOoIntelligenceJjXAaCUBEAaAI_8.0.1.Signal=STMicroelectronics.X-CUBE-AI_M4_VS_ArtificialOoIntelligenceJjXAaCUBEAaAI_8.0.1
VP_STMicroelectronics.X-CUBE-AI_M4_VS_DeviceJjApplication_8.0.1.Mode=DeviceJjApplication
VP_STMicroelectronics.X-CUBE-AI_M4_VS_DeviceJjApplication_8.0.1.Signal=STMicroelectronics.X-CUBE-AI_M4_VS_DeviceJjApplication_8.0.1
VP_STMicroelectronics.X-CUBE-ALGOBUILD_M4_VS_DSPOoLibraryJjLibrary_1.3.0_1.3.0.Mode=DSPOoLibraryJjLibrary
VP_STMicroelectronics.X-CUBE-ALGOBUILD_M4_VS_DSPOoLibraryJjLibrary_1.3.0_1.3.0.Signal=STMicroelectronics.X-CUBE-ALGOBUILD_M4_VS_DSPOoLibraryJjLibrary_1.3.0_1.3.0
VP_SYS_M0PLUS_VS_Systick.Mode=SysTick
VP_SYS_M0PLUS_VS_Systick.Signal=SYS_M0PLUS_VS_Systick
VP_SYS_VS_Systick.Mode=SysTick
VP_SYS_VS_Systick.Signal=SYS_VS_Systick
VP_TIM16_VS_ClockSourceINT.Mode=Enable_Timer
VP_TIM16_VS_ClockSourceINT.Signal=TIM16_VS_ClockSourceINT
board=NUCLEO-WL55JC2
boardIOC=true
isbadioc=false
